<?xml version="1.0" encoding="UTF-8" standalone="yes" ?>
<CodeBlocks_project_file>
	<FileVersion major="1" minor="6" />
	<Project>
		<Option title="UDPandEvent1" />
		<Option pch_mode="2" />
		<Option compiler="msvc10" />
		<Build>
			<Target title="Debug Win32">
				<Option output="UDPandEvent1" prefix_auto="1" extension_auto="1" />
				<Option type="0" />
				<Option compiler="msvc10" />
				<Compiler>
					<Add option="/D__SAM3X8E__" />
					<Add option="/DUSB_PID=0x078A" />
					<Add option="/DUSB_VID=0x16D0" />
					<Add option="/DUSBCON" />
					<Add option="/DARDUINO=150" />
					<Add option="/DARDUINO_MAIN" />
					<Add option="/Dprintf=iprintf" />
					<Add option="/D__SAM__" />
					<Add option="/DF_CPU=84000000L" />
					<Add option="/D__cplusplus" />
					<Add directory="C:/Users/Shai/Documents/Arduino/hardware/digistump/sam/cores/digix" />
					<Add directory="C:/Users/Shai/Documents/Arduino/hardware/digistump/sam/variants/digix" />
					<Add directory="C:/Program Files (x86)/Arduino/libraries/Servo/src" />
					<Add directory="C:/Program Files (x86)/Arduino/libraries/Servo/src/utility" />
					<Add directory="C:/Program Files (x86)/Arduino/libraries/Servo/arch/sam" />
					<Add directory="C:/Program Files (x86)/Arduino/libraries/Servo/arch/sam/utility" />
					<Add directory="C:/Users/Shai/Documents/Arduino/hardware/digistump/sam/libraries/DigiFi" />
					<Add directory="C:/Users/Shai/Documents/Arduino/hardware/digistump/sam/libraries/DigiFi/utility" />
					<Add directory="C:/Users/Shai/Documents/Arduino/hardware/digistump/sam/system/CMSIS/CMSIS/Include/" />
					<Add directory="C:/Users/Shai/Documents/Arduino/hardware/digistump/sam/system/CMSIS/Device/ATMEL/" />
					<Add directory="C:/Users/Shai/Documents/Arduino/hardware/digistump/sam/system/libsam" />
					<Add directory="C:/Users/Shai/Documents/Arduino/hardware/digistump/sam/system/libsam/include" />
					<Add directory="C:/Program Files (x86)/Arduino/hardware/tools/g++_arm_none_eabi/arm-none-eabi/include" />
					<Add directory="C:/Program Files (x86)/Arduino/hardware/tools/g++_arm_none_eabi/arm_none_eabi/include/" />
					<Add directory="C:/Program Files (x86)/Arduino/hardware/tools/g++_arm_none_eabi/lib/gcc/arm-none-eabi/4.4.1/include" />
					<Add directory="C:/Program Files (x86)/Arduino/hardware/tools/g++_arm_none_eabi/lib/gcc/arm-none-eabi/4.4.1/include/" />
				</Compiler>
				<Linker>
					<Add option="/debug" />
				</Linker>
			</Target>
			<Target title="Release Win32">
				<Option output="UDPandEvent1" prefix_auto="1" extension_auto="1" />
				<Option type="0" />
				<Option compiler="msvc10" />
				<Linker>
					<Add option="/debug" />
				</Linker>
			</Target>
		</Build>
		<Unit filename="EventDispatcher.cpp" />
		<Unit filename="EventDispatcher.h" />
		<Unit filename="EventQueue.cpp" />
		<Unit filename="EventQueue.h" />
		<Unit filename="Events.h" />
		<Unit filename="ServoTimers.h" />
		<Unit filename="UDPandEvent1_multi_chassis.ino" />
		<Unit filename="Visual Micro/.UDPandEvent1_multi_chassis.vsarduino.h" />
		<Unit filename="interrupt.h" />
		<Unit filename="wiring_constants.h" />
		<Extensions>
			<code_completion />
			<envvars />
			<debugger />
		</Extensions>
	</Project>
</CodeBlocks_project_file>
